
Microsoft Visual Studio Solution File, Format Version 12.00
# Visual Studio Version 16
VisualStudioVersion = 16.0.29613.14
MinimumVisualStudioVersion = 10.0.40219.1
Project("{FAE04EC0-301F-11D3-BF4B-00C04F79EFBC}") = "Library K300", "Library K300\Library K300.csproj", "{7D323F0E-A984-4110-9942-A00AC46B3F18}"
EndProject
Global
	GlobalSection(SolutionConfigurationPlatforms) = preSolution
		Debug|Any CPU = Debug|Any CPU
		Release|Any CPU = Release|Any CPU
	EndGlobalSection
	GlobalSection(ProjectConfigurationPlatforms) = postSolution
		{7D323F0E-A984-4110-9942-A00AC46B3F18}.Debug|Any CPU.ActiveCfg = Debug|Any CPU
		{7D323F0E-A984-4110-9942-A00AC46B3F18}.Debug|Any CPU.Build.0 = Debug|Any CPU
		{7D323F0E-A984-4110-9942-A00AC46B3F18}.Release|Any CPU.ActiveCfg = Release|Any CPU
		{7D323F0E-A984-4110-9942-A00AC46B3F18}.Release|Any CPU.Build.0 = Release|Any CPU
	EndGlobalSection
	GlobalSection(SolutionProperties) = preSolution
		HideSolutionNode = FALSE
	EndGlobalSection
	GlobalSection(ExtensibilityGlobals) = postSolution
		SolutionGuid = {8C74CC47-0521-48B2-974D-DD0E31D9221C}
	EndGlobalSection
EndGlobal
